
Microsoft Visual Studio Solution File, Format Version 12.00
# Visual Studio Version 16
VisualStudioVersion = 16.0.29409.12
MinimumVisualStudioVersion = 10.0.40219.1
Project("{9A19103F-16F7-4668-BE54-9A1E7A4F7556}") = "Kibol-Alert", "Kibol-Alert.csproj", "{A2417A29-D58A-4498-B084-3D1D0C1B94CD}"
EndProject
Global
	GlobalSection(SolutionConfigurationPlatforms) = preSolution
		Debug|Any CPU = Debug|Any CPU
		Release|Any CPU = Release|Any CPU
	EndGlobalSection
	GlobalSection(ProjectConfigurationPlatforms) = postSolution
		{A2417A29-D58A-4498-B084-3D1D0C1B94CD}.Debug|Any CPU.ActiveCfg = Debug|Any CPU
		{A2417A29-D58A-4498-B084-3D1D0C1B94CD}.Debug|Any CPU.Build.0 = Debug|Any CPU
		{A2417A29-D58A-4498-B084-3D1D0C1B94CD}.Release|Any CPU.ActiveCfg = Release|Any CPU
		{A2417A29-D58A-4498-B084-3D1D0C1B94CD}.Release|Any CPU.Build.0 = Release|Any CPU
	EndGlobalSection
	GlobalSection(SolutionProperties) = preSolution
		HideSolutionNode = FALSE
	EndGlobalSection
	GlobalSection(ExtensibilityGlobals) = postSolution
		SolutionGuid = {85BD495B-347C-429E-8C02-295994751DDC}
	EndGlobalSection
EndGlobal
